// !$*UTF8*$!
{
	archiveVersion = 1;
	classes = {
	};
	objectVersion = 46;
	objects = {

/* Begin PBXBuildFile section */
		07AF521A31C5420D024D157A /* Pods_FlowerCards.framework in Frameworks */ = {isa = PBXBuildFile; fileRef = 725175D43267926E46840336 /* Pods_FlowerCards.framework */; };
		201F089A1D60BD4E00E35DA5 /* sprites.atlas in Resources */ = {isa = PBXBuildFile; fileRef = 2025F11B1D5B23C500561FBF /* sprites.atlas */; };
		201F089C1D60C41300E35DA5 /* Assets.xcassets in Resources */ = {isa = PBXBuildFile; fileRef = 2025F0C81D5B18F300561FBF /* Assets.xcassets */; };
		2025F0BE1D5B18F300561FBF /* AppDelegate.swift in Sources */ = {isa = PBXBuildFile; fileRef = 2025F0BD1D5B18F300561FBF /* AppDelegate.swift */; };
		2025F0C71D5B18F300561FBF /* Main.storyboard in Resources */ = {isa = PBXBuildFile; fileRef = 2025F0C51D5B18F300561FBF /* Main.storyboard */; };
		2025F0CC1D5B18F300561FBF /* LaunchScreen.storyboard in Resources */ = {isa = PBXBuildFile; fileRef = 2025F0CA1D5B18F300561FBF /* LaunchScreen.storyboard */; };
		2025F0D51D5B1A1E00561FBF /* GameViewController.swift in Sources */ = {isa = PBXBuildFile; fileRef = 2025F0D31D5B1A1E00561FBF /* GameViewController.swift */; };
		2025F0D61D5B1A1E00561FBF /* Extensions.swift in Sources */ = {isa = PBXBuildFile; fileRef = 2025F0D41D5B1A1E00561FBF /* Extensions.swift */; };
		2025F0F01D5B219C00561FBF /* MySKButton.swift in Sources */ = {isa = PBXBuildFile; fileRef = 2025F0EB1D5B219C00561FBF /* MySKButton.swift */; };
		2025F0F11D5B219C00561FBF /* MySKLanguages.swift in Sources */ = {isa = PBXBuildFile; fileRef = 2025F0EC1D5B219C00561FBF /* MySKLanguages.swift */; };
		2025F0F21D5B219C00561FBF /* MySKSlider.swift in Sources */ = {isa = PBXBuildFile; fileRef = 2025F0ED1D5B219C00561FBF /* MySKSlider.swift */; };
		2025F0F31D5B219C00561FBF /* MyRandom.swift in Sources */ = {isa = PBXBuildFile; fileRef = 2025F0EE1D5B219C00561FBF /* MyRandom.swift */; };
		2025F0F41D5B219C00561FBF /* MySKCard.swift in Sources */ = {isa = PBXBuildFile; fileRef = 2025F0EF1D5B219C00561FBF /* MySKCard.swift */; };
		2025F0FB1D5B21AC00561FBF /* MyStructs.swift in Sources */ = {isa = PBXBuildFile; fileRef = 2025F0F51D5B21AC00561FBF /* MyStructs.swift */; };
		2025F0FC1D5B21AC00561FBF /* MySKPlayer.swift in Sources */ = {isa = PBXBuildFile; fileRef = 2025F0F61D5B21AC00561FBF /* MySKPlayer.swift */; };
		2025F0FD1D5B21AC00561FBF /* MySKTable.swift in Sources */ = {isa = PBXBuildFile; fileRef = 2025F0F71D5B21AC00561FBF /* MySKTable.swift */; };
		2025F0FE1D5B21AC00561FBF /* MySKStatistic.swift in Sources */ = {isa = PBXBuildFile; fileRef = 2025F0F81D5B21AC00561FBF /* MySKStatistic.swift */; };
		2025F0FF1D5B21AC00561FBF /* MySKDetailedStatistic.swift in Sources */ = {isa = PBXBuildFile; fileRef = 2025F0F91D5B21AC00561FBF /* MySKDetailedStatistic.swift */; };
		2025F1001D5B21AC00561FBF /* MySKGameStatistic.swift in Sources */ = {isa = PBXBuildFile; fileRef = 2025F0FA1D5B21AC00561FBF /* MySKGameStatistic.swift */; };
		2025F1061D5B226E00561FBF /* PlayerModel.swift in Sources */ = {isa = PBXBuildFile; fileRef = 2025F1011D5B226E00561FBF /* PlayerModel.swift */; };
		2025F1081D5B226E00561FBF /* GamePredefinitions.swift in Sources */ = {isa = PBXBuildFile; fileRef = 2025F1031D5B226E00561FBF /* GamePredefinitions.swift */; };
		2025F1091D5B226E00561FBF /* GameModel.swift in Sources */ = {isa = PBXBuildFile; fileRef = 2025F1041D5B226E00561FBF /* GameModel.swift */; };
		2025F10A1D5B226E00561FBF /* PeerToPeerServiceManager.swift in Sources */ = {isa = PBXBuildFile; fileRef = 2025F1051D5B226E00561FBF /* PeerToPeerServiceManager.swift */; };
		2025F10C1D5B231200561FBF /* LevelsForPlayWithCards.swift in Sources */ = {isa = PBXBuildFile; fileRef = 2025F10B1D5B231200561FBF /* LevelsForPlayWithCards.swift */; };
		2025F1121D5B236E00561FBF /* Language.swift in Sources */ = {isa = PBXBuildFile; fileRef = 2025F10D1D5B236E00561FBF /* Language.swift */; };
		2025F1131D5B236E00561FBF /* ru.swift in Sources */ = {isa = PBXBuildFile; fileRef = 2025F10E1D5B236E00561FBF /* ru.swift */; };
		2025F1141D5B236E00561FBF /* de.swift in Sources */ = {isa = PBXBuildFile; fileRef = 2025F10F1D5B236E00561FBF /* de.swift */; };
		2025F1151D5B236E00561FBF /* en.swift in Sources */ = {isa = PBXBuildFile; fileRef = 2025F1101D5B236E00561FBF /* en.swift */; };
		2025F1161D5B236E00561FBF /* hu.swift in Sources */ = {isa = PBXBuildFile; fileRef = 2025F1111D5B236E00561FBF /* hu.swift */; };
		2025F1191D5B23BB00561FBF /* StatisticModel.swift in Sources */ = {isa = PBXBuildFile; fileRef = 2025F1171D5B23BB00561FBF /* StatisticModel.swift */; };
		2025F11A1D5B23BB00561FBF /* Stack.swift in Sources */ = {isa = PBXBuildFile; fileRef = 2025F1181D5B23BB00561FBF /* Stack.swift */; };
		2025F11E1D5B23F600561FBF /* DrawImages.swift in Sources */ = {isa = PBXBuildFile; fileRef = 2025F11D1D5B23F600561FBF /* DrawImages.swift */; };
		2025F1221D5B246E00561FBF /* RecordIDModel.swift in Sources */ = {isa = PBXBuildFile; fileRef = 2025F1211D5B246E00561FBF /* RecordIDModel.swift */; };
		2025F1241D5B253900561FBF /* CardGameScene.swift in Sources */ = {isa = PBXBuildFile; fileRef = 2025F1231D5B253900561FBF /* CardGameScene.swift */; };
		2025F1261D5B256A00561FBF /* JGXLine.swift in Sources */ = {isa = PBXBuildFile; fileRef = 2025F1251D5B256A00561FBF /* JGXLine.swift */; };
		2025F12C1D5B25C300561FBF /* MirrorX.m4a in Resources */ = {isa = PBXBuildFile; fileRef = 2025F1271D5B25C300561FBF /* MirrorX.m4a */; };
		2025F12D1D5B25C300561FBF /* Lost.m4a in Resources */ = {isa = PBXBuildFile; fileRef = 2025F1281D5B25C300561FBF /* Lost.m4a */; };
		2025F12E1D5B25C300561FBF /* Mirror1.m4a in Resources */ = {isa = PBXBuildFile; fileRef = 2025F1291D5B25C300561FBF /* Mirror1.m4a */; };
		2025F12F1D5B25C300561FBF /* Mirror2.m4a in Resources */ = {isa = PBXBuildFile; fileRef = 2025F12A1D5B25C300561FBF /* Mirror2.m4a */; };
		2025F1301D5B25C300561FBF /* Mirror3.m4a in Resources */ = {isa = PBXBuildFile; fileRef = 2025F12B1D5B25C300561FBF /* Mirror3.m4a */; };
		2025F1321D5B26A200561FBF /* MySKPanel.swift in Sources */ = {isa = PBXBuildFile; fileRef = 2025F1311D5B26A200561FBF /* MySKPanel.swift */; };
		202A53FD1DBE4B75001152F8 /* News Pro Version EN.rtf in Resources */ = {isa = PBXBuildFile; fileRef = 202A53FC1DBE4B75001152F8 /* News Pro Version EN.rtf */; };
		202A53FF1DBE4C8E001152F8 /* News Pro Version DE.rtf in Resources */ = {isa = PBXBuildFile; fileRef = 202A53FE1DBE4C8E001152F8 /* News Pro Version DE.rtf */; };
		202A54011DBE4C9F001152F8 /* News Pro Version HU.rtf in Resources */ = {isa = PBXBuildFile; fileRef = 202A54001DBE4C9F001152F8 /* News Pro Version HU.rtf */; };
		202A54031DBE4CB1001152F8 /* News Pro Version RU.rtf in Resources */ = {isa = PBXBuildFile; fileRef = 202A54021DBE4CB1001152F8 /* News Pro Version RU.rtf */; };
		202EEB5E1E268A990052E400 /* MyDebugCommands in Resources */ = {isa = PBXBuildFile; fileRef = 202EEB5D1E268A990052E400 /* MyDebugCommands */; };
		2035F57E1E1685C200AEBE31 /* CardManager.swift in Sources */ = {isa = PBXBuildFile; fileRef = 2035F57D1E1685C200AEBE31 /* CardManager.swift */; };
		20389B551D5F7EB400ADD133 /* Mirror5.m4a in Resources */ = {isa = PBXBuildFile; fileRef = 20389B541D5F7EB400ADD133 /* Mirror5.m4a */; };
		203BD1731F77B18C002292F7 /* GameKit.framework in Frameworks */ = {isa = PBXBuildFile; fileRef = 203BD1721F77B18C002292F7 /* GameKit.framework */; };
		20404DEC1F8E329100492033 /* GameCenterSync.swift in Sources */ = {isa = PBXBuildFile; fileRef = 20404DEB1F8E329100492033 /* GameCenterSync.swift */; };
		2040E4CC1DE74F3600B16B19 /* AutoPlayer.swift in Sources */ = {isa = PBXBuildFile; fileRef = 2040E4CB1DE74F3600B16B19 /* AutoPlayer.swift */; };
		2046921D1F8CDF4000A105BD /* HighScoreModel.swift in Sources */ = {isa = PBXBuildFile; fileRef = 2046921C1F8CDF4000A105BD /* HighScoreModel.swift */; };
		2047D9E11FACD1B100502857 /* Realm.framework in Frameworks */ = {isa = PBXBuildFile; fileRef = 2047D9CC1FACBD6000502857 /* Realm.framework */; };
		2047D9E21FACD1B100502857 /* RealmSwift.framework in Frameworks */ = {isa = PBXBuildFile; fileRef = 2047D9CD1FACBD6000502857 /* RealmSwift.framework */; };
		204E0E0E1FA227DB00027366 /* MyToDos.txt in Resources */ = {isa = PBXBuildFile; fileRef = 204E0E0D1FA227DB00027366 /* MyToDos.txt */; };
		20720A761D5B55E600389C0C /* Mirror4.m4a in Resources */ = {isa = PBXBuildFile; fileRef = 20720A751D5B55E600389C0C /* Mirror4.m4a */; };
		2087A2EB1DCA3D120085D711 /* ChooseLevelAndOptions.swift in Sources */ = {isa = PBXBuildFile; fileRef = 2087A2EA1DCA3D120085D711 /* ChooseLevelAndOptions.swift */; };
		20B1F1061D5B445300963590 /* MyMusic.m4a in Resources */ = {isa = PBXBuildFile; fileRef = 20B1F1051D5B445300963590 /* MyMusic.m4a */; };
		20B1F10A1D5B454700963590 /* OK.m4a in Resources */ = {isa = PBXBuildFile; fileRef = 20B1F1091D5B454700963590 /* OK.m4a */; };
		20B1F10C1D5B458E00963590 /* Container.m4a in Resources */ = {isa = PBXBuildFile; fileRef = 20B1F10B1D5B458E00963590 /* Container.m4a */; };
		20B1F10E1D5B45DB00963590 /* NoSound.m4a in Resources */ = {isa = PBXBuildFile; fileRef = 20B1F10D1D5B45DB00963590 /* NoSound.m4a */; };
		20B1F1101D5B483000963590 /* Winner.m4a in Resources */ = {isa = PBXBuildFile; fileRef = 20B1F10F1D5B483000963590 /* Winner.m4a */; };
/* End PBXBuildFile section */

/* Begin PBXContainerItemProxy section */
		202ED85C1DD9EF380003D923 /* PBXContainerItemProxy */ = {
			isa = PBXContainerItemProxy;
			containerPortal = 2025F0B21D5B18F300561FBF /* Project object */;
			proxyType = 1;
			remoteGlobalIDString = 2025F0B91D5B18F300561FBF;
			remoteInfo = FlowerCards;
		};
/* End PBXContainerItemProxy section */

/* Begin PBXFileReference section */
		2025F0BA1D5B18F300561FBF /* FlowerCards.app */ = {isa = PBXFileReference; explicitFileType = wrapper.application; includeInIndex = 0; path = FlowerCards.app; sourceTree = BUILT_PRODUCTS_DIR; };
		2025F0BD1D5B18F300561FBF /* AppDelegate.swift */ = {isa = PBXFileReference; lastKnownFileType = sourcecode.swift; path = AppDelegate.swift; sourceTree = "<group>"; };
		2025F0C61D5B18F300561FBF /* Base */ = {isa = PBXFileReference; lastKnownFileType = file.storyboard; name = Base; path = Base.lproj/Main.storyboard; sourceTree = "<group>"; };
		2025F0C81D5B18F300561FBF /* Assets.xcassets */ = {isa = PBXFileReference; lastKnownFileType = folder.assetcatalog; path = Assets.xcassets; sourceTree = "<group>"; };
		2025F0CB1D5B18F300561FBF /* Base */ = {isa = PBXFileReference; lastKnownFileType = file.storyboard; name = Base; path = Base.lproj/LaunchScreen.storyboard; sourceTree = "<group>"; };
		2025F0CD1D5B18F300561FBF /* Info.plist */ = {isa = PBXFileReference; lastKnownFileType = text.plist.xml; path = Info.plist; sourceTree = "<group>"; };
		2025F0D31D5B1A1E00561FBF /* GameViewController.swift */ = {isa = PBXFileReference; fileEncoding = 4; lastKnownFileType = sourcecode.swift; path = GameViewController.swift; sourceTree = "<group>"; };
		2025F0D41D5B1A1E00561FBF /* Extensions.swift */ = {isa = PBXFileReference; fileEncoding = 4; lastKnownFileType = sourcecode.swift; path = Extensions.swift; sourceTree = "<group>"; };
		2025F0EB1D5B219C00561FBF /* MySKButton.swift */ = {isa = PBXFileReference; fileEncoding = 4; lastKnownFileType = sourcecode.swift; path = MySKButton.swift; sourceTree = "<group>"; };
		2025F0EC1D5B219C00561FBF /* MySKLanguages.swift */ = {isa = PBXFileReference; fileEncoding = 4; lastKnownFileType = sourcecode.swift; path = MySKLanguages.swift; sourceTree = "<group>"; };
		2025F0ED1D5B219C00561FBF /* MySKSlider.swift */ = {isa = PBXFileReference; fileEncoding = 4; lastKnownFileType = sourcecode.swift; path = MySKSlider.swift; sourceTree = "<group>"; };
		2025F0EE1D5B219C00561FBF /* MyRandom.swift */ = {isa = PBXFileReference; fileEncoding = 4; lastKnownFileType = sourcecode.swift; path = MyRandom.swift; sourceTree = "<group>"; };
		2025F0EF1D5B219C00561FBF /* MySKCard.swift */ = {isa = PBXFileReference; fileEncoding = 4; lastKnownFileType = sourcecode.swift; path = MySKCard.swift; sourceTree = "<group>"; };
		2025F0F51D5B21AC00561FBF /* MyStructs.swift */ = {isa = PBXFileReference; fileEncoding = 4; lastKnownFileType = sourcecode.swift; path = MyStructs.swift; sourceTree = "<group>"; };
		2025F0F61D5B21AC00561FBF /* MySKPlayer.swift */ = {isa = PBXFileReference; fileEncoding = 4; lastKnownFileType = sourcecode.swift; path = MySKPlayer.swift; sourceTree = "<group>"; };
		2025F0F71D5B21AC00561FBF /* MySKTable.swift */ = {isa = PBXFileReference; fileEncoding = 4; lastKnownFileType = sourcecode.swift; path = MySKTable.swift; sourceTree = "<group>"; };
		2025F0F81D5B21AC00561FBF /* MySKStatistic.swift */ = {isa = PBXFileReference; fileEncoding = 4; lastKnownFileType = sourcecode.swift; path = MySKStatistic.swift; sourceTree = "<group>"; };
		2025F0F91D5B21AC00561FBF /* MySKDetailedStatistic.swift */ = {isa = PBXFileReference; fileEncoding = 4; lastKnownFileType = sourcecode.swift; path = MySKDetailedStatistic.swift; sourceTree = "<group>"; };
		2025F0FA1D5B21AC00561FBF /* MySKGameStatistic.swift */ = {isa = PBXFileReference; fileEncoding = 4; lastKnownFileType = sourcecode.swift; path = MySKGameStatistic.swift; sourceTree = "<group>"; };
		2025F1011D5B226E00561FBF /* PlayerModel.swift */ = {isa = PBXFileReference; fileEncoding = 4; lastKnownFileType = sourcecode.swift; path = PlayerModel.swift; sourceTree = "<group>"; };
		2025F1031D5B226E00561FBF /* GamePredefinitions.swift */ = {isa = PBXFileReference; fileEncoding = 4; lastKnownFileType = sourcecode.swift; path = GamePredefinitions.swift; sourceTree = "<group>"; };
		2025F1041D5B226E00561FBF /* GameModel.swift */ = {isa = PBXFileReference; fileEncoding = 4; lastKnownFileType = sourcecode.swift; path = GameModel.swift; sourceTree = "<group>"; };
		2025F1051D5B226E00561FBF /* PeerToPeerServiceManager.swift */ = {isa = PBXFileReference; fileEncoding = 4; lastKnownFileType = sourcecode.swift; path = PeerToPeerServiceManager.swift; sourceTree = "<group>"; };
		2025F10B1D5B231200561FBF /* LevelsForPlayWithCards.swift */ = {isa = PBXFileReference; fileEncoding = 4; lastKnownFileType = sourcecode.swift; path = LevelsForPlayWithCards.swift; sourceTree = "<group>"; };
		2025F10D1D5B236E00561FBF /* Language.swift */ = {isa = PBXFileReference; fileEncoding = 4; lastKnownFileType = sourcecode.swift; path = Language.swift; sourceTree = "<group>"; };
		2025F10E1D5B236E00561FBF /* ru.swift */ = {isa = PBXFileReference; fileEncoding = 4; lastKnownFileType = sourcecode.swift; path = ru.swift; sourceTree = "<group>"; };
		2025F10F1D5B236E00561FBF /* de.swift */ = {isa = PBXFileReference; fileEncoding = 4; lastKnownFileType = sourcecode.swift; path = de.swift; sourceTree = "<group>"; };
		2025F1101D5B236E00561FBF /* en.swift */ = {isa = PBXFileReference; fileEncoding = 4; lastKnownFileType = sourcecode.swift; path = en.swift; sourceTree = "<group>"; };
		2025F1111D5B236E00561FBF /* hu.swift */ = {isa = PBXFileReference; fileEncoding = 4; lastKnownFileType = sourcecode.swift; path = hu.swift; sourceTree = "<group>"; };
		2025F1171D5B23BB00561FBF /* StatisticModel.swift */ = {isa = PBXFileReference; fileEncoding = 4; lastKnownFileType = sourcecode.swift; path = StatisticModel.swift; sourceTree = "<group>"; };
		2025F1181D5B23BB00561FBF /* Stack.swift */ = {isa = PBXFileReference; fileEncoding = 4; lastKnownFileType = sourcecode.swift; path = Stack.swift; sourceTree = "<group>"; };
		2025F11B1D5B23C500561FBF /* sprites.atlas */ = {isa = PBXFileReference; lastKnownFileType = folder.skatlas; path = sprites.atlas; sourceTree = "<group>"; };
		2025F11D1D5B23F600561FBF /* DrawImages.swift */ = {isa = PBXFileReference; fileEncoding = 4; lastKnownFileType = sourcecode.swift; path = DrawImages.swift; sourceTree = "<group>"; };
		2025F1211D5B246E00561FBF /* RecordIDModel.swift */ = {isa = PBXFileReference; fileEncoding = 4; lastKnownFileType = sourcecode.swift; path = RecordIDModel.swift; sourceTree = "<group>"; };
		2025F1231D5B253900561FBF /* CardGameScene.swift */ = {isa = PBXFileReference; fileEncoding = 4; lastKnownFileType = sourcecode.swift; path = CardGameScene.swift; sourceTree = "<group>"; };
		2025F1251D5B256A00561FBF /* JGXLine.swift */ = {isa = PBXFileReference; fileEncoding = 4; lastKnownFileType = sourcecode.swift; path = JGXLine.swift; sourceTree = "<group>"; };
		2025F1271D5B25C300561FBF /* MirrorX.m4a */ = {isa = PBXFileReference; lastKnownFileType = file; path = MirrorX.m4a; sourceTree = "<group>"; };
		2025F1281D5B25C300561FBF /* Lost.m4a */ = {isa = PBXFileReference; lastKnownFileType = file; path = Lost.m4a; sourceTree = "<group>"; };
		2025F1291D5B25C300561FBF /* Mirror1.m4a */ = {isa = PBXFileReference; lastKnownFileType = file; path = Mirror1.m4a; sourceTree = "<group>"; };
		2025F12A1D5B25C300561FBF /* Mirror2.m4a */ = {isa = PBXFileReference; lastKnownFileType = file; path = Mirror2.m4a; sourceTree = "<group>"; };
		2025F12B1D5B25C300561FBF /* Mirror3.m4a */ = {isa = PBXFileReference; lastKnownFileType = file; path = Mirror3.m4a; sourceTree = "<group>"; };
		2025F1311D5B26A200561FBF /* MySKPanel.swift */ = {isa = PBXFileReference; fileEncoding = 4; lastKnownFileType = sourcecode.swift; path = MySKPanel.swift; sourceTree = "<group>"; };
		202A53FC1DBE4B75001152F8 /* News Pro Version EN.rtf */ = {isa = PBXFileReference; fileEncoding = 4; lastKnownFileType = text.rtf; path = "News Pro Version EN.rtf"; sourceTree = "<group>"; };
		202A53FE1DBE4C8E001152F8 /* News Pro Version DE.rtf */ = {isa = PBXFileReference; fileEncoding = 4; lastKnownFileType = text.rtf; path = "News Pro Version DE.rtf"; sourceTree = "<group>"; };
		202A54001DBE4C9F001152F8 /* News Pro Version HU.rtf */ = {isa = PBXFileReference; fileEncoding = 4; lastKnownFileType = text.rtf; path = "News Pro Version HU.rtf"; sourceTree = "<group>"; };
		202A54021DBE4CB1001152F8 /* News Pro Version RU.rtf */ = {isa = PBXFileReference; fileEncoding = 4; lastKnownFileType = text.rtf; path = "News Pro Version RU.rtf"; sourceTree = "<group>"; };
		202ED8571DD9EF380003D923 /* FlowerCardsTests.xctest */ = {isa = PBXFileReference; explicitFileType = wrapper.cfbundle; includeInIndex = 0; path = FlowerCardsTests.xctest; sourceTree = BUILT_PRODUCTS_DIR; };
		202EEB5D1E268A990052E400 /* MyDebugCommands */ = {isa = PBXFileReference; fileEncoding = 4; lastKnownFileType = text; path = MyDebugCommands; sourceTree = "<group>"; };
		2035F57D1E1685C200AEBE31 /* CardManager.swift */ = {isa = PBXFileReference; fileEncoding = 4; lastKnownFileType = sourcecode.swift; path = CardManager.swift; sourceTree = "<group>"; };
		203632AE1F7574DE004DCB42 /* Podfile copy */ = {isa = PBXFileReference; lastKnownFileType = text; path = "Podfile copy"; sourceTree = "<group>"; };
		20389B541D5F7EB400ADD133 /* Mirror5.m4a */ = {isa = PBXFileReference; lastKnownFileType = file; path = Mirror5.m4a; sourceTree = "<group>"; };
		203BD1721F77B18C002292F7 /* GameKit.framework */ = {isa = PBXFileReference; lastKnownFileType = wrapper.framework; name = GameKit.framework; path = System/Library/Frameworks/GameKit.framework; sourceTree = SDKROOT; };
		20404DEB1F8E329100492033 /* GameCenterSync.swift */ = {isa = PBXFileReference; lastKnownFileType = sourcecode.swift; path = GameCenterSync.swift; sourceTree = "<group>"; };
		2040E4CB1DE74F3600B16B19 /* AutoPlayer.swift */ = {isa = PBXFileReference; fileEncoding = 4; lastKnownFileType = sourcecode.swift; path = AutoPlayer.swift; sourceTree = "<group>"; };
		2046921C1F8CDF4000A105BD /* HighScoreModel.swift */ = {isa = PBXFileReference; lastKnownFileType = sourcecode.swift; path = HighScoreModel.swift; sourceTree = "<group>"; };
		2047D9CC1FACBD6000502857 /* Realm.framework */ = {isa = PBXFileReference; lastKnownFileType = wrapper.framework; name = Realm.framework; path = Carthage/Build/iOS/Realm.framework; sourceTree = "<group>"; };
		2047D9CD1FACBD6000502857 /* RealmSwift.framework */ = {isa = PBXFileReference; lastKnownFileType = wrapper.framework; name = RealmSwift.framework; path = Carthage/Build/iOS/RealmSwift.framework; sourceTree = "<group>"; };
		204E0E0D1FA227DB00027366 /* MyToDos.txt */ = {isa = PBXFileReference; lastKnownFileType = text; path = MyToDos.txt; sourceTree = "<group>"; };
		20720A751D5B55E600389C0C /* Mirror4.m4a */ = {isa = PBXFileReference; lastKnownFileType = file; path = Mirror4.m4a; sourceTree = "<group>"; };
		2087A2EA1DCA3D120085D711 /* ChooseLevelAndOptions.swift */ = {isa = PBXFileReference; fileEncoding = 4; lastKnownFileType = sourcecode.swift; path = ChooseLevelAndOptions.swift; sourceTree = "<group>"; };
		20B1F1051D5B445300963590 /* MyMusic.m4a */ = {isa = PBXFileReference; lastKnownFileType = file; path = MyMusic.m4a; sourceTree = "<group>"; };
		20B1F1091D5B454700963590 /* OK.m4a */ = {isa = PBXFileReference; lastKnownFileType = file; path = OK.m4a; sourceTree = "<group>"; };
		20B1F10B1D5B458E00963590 /* Container.m4a */ = {isa = PBXFileReference; lastKnownFileType = file; path = Container.m4a; sourceTree = "<group>"; };
		20B1F10D1D5B45DB00963590 /* NoSound.m4a */ = {isa = PBXFileReference; lastKnownFileType = file; path = NoSound.m4a; sourceTree = "<group>"; };
		20B1F10F1D5B483000963590 /* Winner.m4a */ = {isa = PBXFileReference; lastKnownFileType = file; path = Winner.m4a; sourceTree = "<group>"; };
		725175D43267926E46840336 /* Pods_FlowerCards.framework */ = {isa = PBXFileReference; explicitFileType = wrapper.framework; includeInIndex = 0; path = Pods_FlowerCards.framework; sourceTree = BUILT_PRODUCTS_DIR; };
		9F99F687559AAFCBCA68B0F5 /* Pods-FlowerCards.release.xcconfig */ = {isa = PBXFileReference; includeInIndex = 1; lastKnownFileType = text.xcconfig; name = "Pods-FlowerCards.release.xcconfig"; path = "Pods/Target Support Files/Pods-FlowerCards/Pods-FlowerCards.release.xcconfig"; sourceTree = "<group>"; };
		A065615B6AD5E1D3F361DAA3 /* Pods-FlowerCards.debug.xcconfig */ = {isa = PBXFileReference; includeInIndex = 1; lastKnownFileType = text.xcconfig; name = "Pods-FlowerCards.debug.xcconfig"; path = "Pods/Target Support Files/Pods-FlowerCards/Pods-FlowerCards.debug.xcconfig"; sourceTree = "<group>"; };
/* End PBXFileReference section */

/* Begin PBXFrameworksBuildPhase section */
		2025F0B71D5B18F300561FBF /* Frameworks */ = {
			isa = PBXFrameworksBuildPhase;
			buildActionMask = 2147483647;
			files = (
				2047D9E11FACD1B100502857 /* Realm.framework in Frameworks */,
				2047D9E21FACD1B100502857 /* RealmSwift.framework in Frameworks */,
				07AF521A31C5420D024D157A /* Pods_FlowerCards.framework in Frameworks */,
				203BD1731F77B18C002292F7 /* GameKit.framework in Frameworks */,
			);
			runOnlyForDeploymentPostprocessing = 0;
		};
		202ED8541DD9EF380003D923 /* Frameworks */ = {
			isa = PBXFrameworksBuildPhase;
			buildActionMask = 2147483647;
			files = (
			);
			runOnlyForDeploymentPostprocessing = 0;
		};
/* End PBXFrameworksBuildPhase section */

/* Begin PBXGroup section */
		2025F0B11D5B18F300561FBF = {
			isa = PBXGroup;
			children = (
				203632AE1F7574DE004DCB42 /* Podfile copy */,
				2025F0BC1D5B18F300561FBF /* FlowerCards */,
				2025F0BB1D5B18F300561FBF /* Products */,
				E484E8938C060242178BA9DF /* Pods */,
				EF35DEF6D3AC2D9A50915C70 /* Frameworks */,
			);
			sourceTree = "<group>";
		};
		2025F0BB1D5B18F300561FBF /* Products */ = {
			isa = PBXGroup;
			children = (
				2025F0BA1D5B18F300561FBF /* FlowerCards.app */,
				202ED8571DD9EF380003D923 /* FlowerCardsTests.xctest */,
			);
			name = Products;
			sourceTree = "<group>";
		};
		2025F0BC1D5B18F300561FBF /* FlowerCards */ = {
			isa = PBXGroup;
			children = (
				20404DEB1F8E329100492033 /* GameCenterSync.swift */,
				2025F1051D5B226E00561FBF /* PeerToPeerServiceManager.swift */,
				2025F0F51D5B21AC00561FBF /* MyStructs.swift */,
				2025F0BD1D5B18F300561FBF /* AppDelegate.swift */,
				2025F0D31D5B1A1E00561FBF /* GameViewController.swift */,
				2025F1311D5B26A200561FBF /* MySKPanel.swift */,
				2025F11D1D5B23F600561FBF /* DrawImages.swift */,
				2025F0D41D5B1A1E00561FBF /* Extensions.swift */,
				2025F0C51D5B18F300561FBF /* Main.storyboard */,
				2025F0CA1D5B18F300561FBF /* LaunchScreen.storyboard */,
				2025F0CD1D5B18F300561FBF /* Info.plist */,
				202EEB5D1E268A990052E400 /* MyDebugCommands */,
				2025F11B1D5B23C500561FBF /* sprites.atlas */,
				2025F0C81D5B18F300561FBF /* Assets.xcassets */,
				202D45461DE1E5B900DB6B0E /* GameEngine */,
				202C7EBE1DDC926900DC24BD /* MyTableViews */,
				202C7EBF1DDC931F00DC24BD /* RealmModels */,
				20720A7A1D5B732B00389C0C /* Language */,
				20720A791D5B72BB00389C0C /* Music */,
				204E0E0D1FA227DB00027366 /* MyToDos.txt */,
			);
			path = FlowerCards;
			sourceTree = "<group>";
		};
		202C7EBE1DDC926900DC24BD /* MyTableViews */ = {
			isa = PBXGroup;
			children = (
				2025F0F71D5B21AC00561FBF /* MySKTable.swift */,
				2025F0F61D5B21AC00561FBF /* MySKPlayer.swift */,
				2025F0ED1D5B219C00561FBF /* MySKSlider.swift */,
				2025F0EC1D5B219C00561FBF /* MySKLanguages.swift */,
				2087A2EA1DCA3D120085D711 /* ChooseLevelAndOptions.swift */,
				2025F0F81D5B21AC00561FBF /* MySKStatistic.swift */,
				2025F0F91D5B21AC00561FBF /* MySKDetailedStatistic.swift */,
				2025F0FA1D5B21AC00561FBF /* MySKGameStatistic.swift */,
			);
			name = MyTableViews;
			sourceTree = "<group>";
		};
		202C7EBF1DDC931F00DC24BD /* RealmModels */ = {
			isa = PBXGroup;
			children = (
				2025F1011D5B226E00561FBF /* PlayerModel.swift */,
				2025F1041D5B226E00561FBF /* GameModel.swift */,
				2025F1171D5B23BB00561FBF /* StatisticModel.swift */,
				2025F1211D5B246E00561FBF /* RecordIDModel.swift */,
				2046921C1F8CDF4000A105BD /* HighScoreModel.swift */,
			);
			name = RealmModels;
			sourceTree = "<group>";
		};
		202D45461DE1E5B900DB6B0E /* GameEngine */ = {
			isa = PBXGroup;
			children = (
				2025F1031D5B226E00561FBF /* GamePredefinitions.swift */,
				2025F1231D5B253900561FBF /* CardGameScene.swift */,
				2025F0EF1D5B219C00561FBF /* MySKCard.swift */,
				2035F57D1E1685C200AEBE31 /* CardManager.swift */,
				2040E4CB1DE74F3600B16B19 /* AutoPlayer.swift */,
				2025F10B1D5B231200561FBF /* LevelsForPlayWithCards.swift */,
				2025F0EB1D5B219C00561FBF /* MySKButton.swift */,
				2025F0EE1D5B219C00561FBF /* MyRandom.swift */,
				2025F1181D5B23BB00561FBF /* Stack.swift */,
				2025F1251D5B256A00561FBF /* JGXLine.swift */,
			);
			name = GameEngine;
			sourceTree = "<group>";
		};
		20720A791D5B72BB00389C0C /* Music */ = {
			isa = PBXGroup;
			children = (
				20B1F10B1D5B458E00963590 /* Container.m4a */,
				2025F1281D5B25C300561FBF /* Lost.m4a */,
				2025F1291D5B25C300561FBF /* Mirror1.m4a */,
				2025F12A1D5B25C300561FBF /* Mirror2.m4a */,
				2025F12B1D5B25C300561FBF /* Mirror3.m4a */,
				20720A751D5B55E600389C0C /* Mirror4.m4a */,
				20389B541D5F7EB400ADD133 /* Mirror5.m4a */,
				2025F1271D5B25C300561FBF /* MirrorX.m4a */,
				20B1F1051D5B445300963590 /* MyMusic.m4a */,
				20B1F10D1D5B45DB00963590 /* NoSound.m4a */,
				20B1F1091D5B454700963590 /* OK.m4a */,
				20B1F10F1D5B483000963590 /* Winner.m4a */,
			);
			name = Music;
			sourceTree = "<group>";
		};
		20720A7A1D5B732B00389C0C /* Language */ = {
			isa = PBXGroup;
			children = (
				2025F10D1D5B236E00561FBF /* Language.swift */,
				2025F1101D5B236E00561FBF /* en.swift */,
				2025F10F1D5B236E00561FBF /* de.swift */,
				2025F1111D5B236E00561FBF /* hu.swift */,
				2025F10E1D5B236E00561FBF /* ru.swift */,
				202A53FC1DBE4B75001152F8 /* News Pro Version EN.rtf */,
				202A53FE1DBE4C8E001152F8 /* News Pro Version DE.rtf */,
				202A54001DBE4C9F001152F8 /* News Pro Version HU.rtf */,
				202A54021DBE4CB1001152F8 /* News Pro Version RU.rtf */,
			);
			name = Language;
			sourceTree = "<group>";
		};
		E484E8938C060242178BA9DF /* Pods */ = {
			isa = PBXGroup;
			children = (
				A065615B6AD5E1D3F361DAA3 /* Pods-FlowerCards.debug.xcconfig */,
				9F99F687559AAFCBCA68B0F5 /* Pods-FlowerCards.release.xcconfig */,
			);
			name = Pods;
			sourceTree = "<group>";
		};
		EF35DEF6D3AC2D9A50915C70 /* Frameworks */ = {
			isa = PBXGroup;
			children = (
				2047D9CC1FACBD6000502857 /* Realm.framework */,
				2047D9CD1FACBD6000502857 /* RealmSwift.framework */,
				203BD1721F77B18C002292F7 /* GameKit.framework */,
				725175D43267926E46840336 /* Pods_FlowerCards.framework */,
			);
			name = Frameworks;
			sourceTree = "<group>";
		};
/* End PBXGroup section */

/* Begin PBXNativeTarget section */
		2025F0B91D5B18F300561FBF /* FlowerCards */ = {
			isa = PBXNativeTarget;
			buildConfigurationList = 2025F0D01D5B18F300561FBF /* Build configuration list for PBXNativeTarget "FlowerCards" */;
			buildPhases = (
				8E32560C8CFE510322FD4856 /* [CP] Check Pods Manifest.lock */,
				2025F0B61D5B18F300561FBF /* Sources */,
				2025F0B71D5B18F300561FBF /* Frameworks */,
				2025F0B81D5B18F300561FBF /* Resources */,
				0CCC029B3BF36829731D03AF /* [CP] Embed Pods Frameworks */,
				756EF9E3547834ADC75C523D /* [CP] Copy Pods Resources */,
			);
			buildRules = (
			);
			dependencies = (
			);
			name = FlowerCards;
			productName = FlowerCards;
			productReference = 2025F0BA1D5B18F300561FBF /* FlowerCards.app */;
			productType = "com.apple.product-type.application";
		};
		202ED8561DD9EF380003D923 /* FlowerCardsTests */ = {
			isa = PBXNativeTarget;
			buildConfigurationList = 202ED8601DD9EF380003D923 /* Build configuration list for PBXNativeTarget "FlowerCardsTests" */;
			buildPhases = (
				202ED8531DD9EF380003D923 /* Sources */,
				202ED8541DD9EF380003D923 /* Frameworks */,
				202ED8551DD9EF380003D923 /* Resources */,
			);
			buildRules = (
			);
			dependencies = (
				202ED85D1DD9EF380003D923 /* PBXTargetDependency */,
			);
			name = FlowerCardsTests;
			productName = FlowerCardsTests;
			productReference = 202ED8571DD9EF380003D923 /* FlowerCardsTests.xctest */;
			productType = "com.apple.product-type.bundle.unit-test";
		};
/* End PBXNativeTarget section */

/* Begin PBXProject section */
		2025F0B21D5B18F300561FBF /* Project object */ = {
			isa = PBXProject;
			attributes = {
				LastSwiftUpdateCheck = 0810;
				LastUpgradeCheck = 0910;
				ORGANIZATIONNAME = "Jozsef Romhanyi";
				TargetAttributes = {
					2025F0B91D5B18F300561FBF = {
						CreatedOnToolsVersion = 7.3.1;
						DevelopmentTeam = WT499VC842;
						LastSwiftMigration = 0800;
						ProvisioningStyle = Automatic;
						SystemCapabilities = {
							com.apple.GameCenter = {
								enabled = 1;
							};
						};
					};
					202ED8561DD9EF380003D923 = {
						CreatedOnToolsVersion = 8.1;
						DevelopmentTeam = WT499VC842;
						ProvisioningStyle = Automatic;
						TestTargetID = 2025F0B91D5B18F300561FBF;
					};
				};
			};
			buildConfigurationList = 2025F0B51D5B18F300561FBF /* Build configuration list for PBXProject "FlowerCards" */;
			compatibilityVersion = "Xcode 3.2";
			developmentRegion = English;
			hasScannedForEncodings = 0;
			knownRegions = (
				en,
				Base,
			);
			mainGroup = 2025F0B11D5B18F300561FBF;
			productRefGroup = 2025F0BB1D5B18F300561FBF /* Products */;
			projectDirPath = "";
			projectRoot = "";
			targets = (
				2025F0B91D5B18F300561FBF /* FlowerCards */,
				202ED8561DD9EF380003D923 /* FlowerCardsTests */,
			);
		};
/* End PBXProject section */

/* Begin PBXResourcesBuildPhase section */
		2025F0B81D5B18F300561FBF /* Resources */ = {
			isa = PBXResourcesBuildPhase;
			buildActionMask = 2147483647;
			files = (
				201F089C1D60C41300E35DA5 /* Assets.xcassets in Resources */,
				201F089A1D60BD4E00E35DA5 /* sprites.atlas in Resources */,
				20B1F10E1D5B45DB00963590 /* NoSound.m4a in Resources */,
				20B1F10C1D5B458E00963590 /* Container.m4a in Resources */,
				20B1F10A1D5B454700963590 /* OK.m4a in Resources */,
				202EEB5E1E268A990052E400 /* MyDebugCommands in Resources */,
				2025F0CC1D5B18F300561FBF /* LaunchScreen.storyboard in Resources */,
				2025F12D1D5B25C300561FBF /* Lost.m4a in Resources */,
				2025F0C71D5B18F300561FBF /* Main.storyboard in Resources */,
				202A53FD1DBE4B75001152F8 /* News Pro Version EN.rtf in Resources */,
				204E0E0E1FA227DB00027366 /* MyToDos.txt in Resources */,
				20B1F1061D5B445300963590 /* MyMusic.m4a in Resources */,
				2025F12E1D5B25C300561FBF /* Mirror1.m4a in Resources */,
				2025F12F1D5B25C300561FBF /* Mirror2.m4a in Resources */,
				202A54011DBE4C9F001152F8 /* News Pro Version HU.rtf in Resources */,
				2025F1301D5B25C300561FBF /* Mirror3.m4a in Resources */,
				20720A761D5B55E600389C0C /* Mirror4.m4a in Resources */,
				202A53FF1DBE4C8E001152F8 /* News Pro Version DE.rtf in Resources */,
				202A54031DBE4CB1001152F8 /* News Pro Version RU.rtf in Resources */,
				20389B551D5F7EB400ADD133 /* Mirror5.m4a in Resources */,
				20B1F1101D5B483000963590 /* Winner.m4a in Resources */,
				2025F12C1D5B25C300561FBF /* MirrorX.m4a in Resources */,
			);
			runOnlyForDeploymentPostprocessing = 0;
		};
		202ED8551DD9EF380003D923 /* Resources */ = {
			isa = PBXResourcesBuildPhase;
			buildActionMask = 2147483647;
			files = (
			);
			runOnlyForDeploymentPostprocessing = 0;
		};
/* End PBXResourcesBuildPhase section */

/* Begin PBXShellScriptBuildPhase section */
		0CCC029B3BF36829731D03AF /* [CP] Embed Pods Frameworks */ = {
			isa = PBXShellScriptBuildPhase;
			buildActionMask = 2147483647;
			files = (
			);
			inputPaths = (
				"${SRCROOT}/Pods/Target Support Files/Pods-FlowerCards/Pods-FlowerCards-frameworks.sh",
				"${BUILT_PRODUCTS_DIR}/Realm/Realm.framework",
				"${BUILT_PRODUCTS_DIR}/RealmSwift/RealmSwift.framework",
			);
			name = "[CP] Embed Pods Frameworks";
			outputPaths = (
				"${TARGET_BUILD_DIR}/${FRAMEWORKS_FOLDER_PATH}/Realm.framework",
				"${TARGET_BUILD_DIR}/${FRAMEWORKS_FOLDER_PATH}/RealmSwift.framework",
			);
			runOnlyForDeploymentPostprocessing = 0;
			shellPath = /bin/sh;
			shellScript = "\"${SRCROOT}/Pods/Target Support Files/Pods-FlowerCards/Pods-FlowerCards-frameworks.sh\"\n";
			showEnvVarsInLog = 0;
		};
		756EF9E3547834ADC75C523D /* [CP] Copy Pods Resources */ = {
			isa = PBXShellScriptBuildPhase;
			buildActionMask = 2147483647;
			files = (
			);
			inputPaths = (
			);
			name = "[CP] Copy Pods Resources";
			outputPaths = (
			);
			runOnlyForDeploymentPostprocessing = 0;
			shellPath = /bin/sh;
			shellScript = "\"${SRCROOT}/Pods/Target Support Files/Pods-FlowerCards/Pods-FlowerCards-resources.sh\"\n";
			showEnvVarsInLog = 0;
		};
		8E32560C8CFE510322FD4856 /* [CP] Check Pods Manifest.lock */ = {
			isa = PBXShellScriptBuildPhase;
			buildActionMask = 2147483647;
			files = (
			);
			inputPaths = (
				"${PODS_PODFILE_DIR_PATH}/Podfile.lock",
				"${PODS_ROOT}/Manifest.lock",
			);
			name = "[CP] Check Pods Manifest.lock";
			outputPaths = (
				"$(DERIVED_FILE_DIR)/Pods-FlowerCards-checkManifestLockResult.txt",
			);
			runOnlyForDeploymentPostprocessing = 0;
			shellPath = /bin/sh;
			shellScript = "diff \"${PODS_PODFILE_DIR_PATH}/Podfile.lock\" \"${PODS_ROOT}/Manifest.lock\" > /dev/null\nif [ $? != 0 ] ; then\n    # print error to STDERR\n    echo \"error: The sandbox is not in sync with the Podfile.lock. Run 'pod install' or update your CocoaPods installation.\" >&2\n    exit 1\nfi\n# This output is used by Xcode 'outputs' to avoid re-running this script phase.\necho \"SUCCESS\" > \"${SCRIPT_OUTPUT_FILE_0}\"\n";
			showEnvVarsInLog = 0;
		};
/* End PBXShellScriptBuildPhase section */

/* Begin PBXSourcesBuildPhase section */
		2025F0B61D5B18F300561FBF /* Sources */ = {
			isa = PBXSourcesBuildPhase;
			buildActionMask = 2147483647;
			files = (
				2025F1261D5B256A00561FBF /* JGXLine.swift in Sources */,
				2025F0D61D5B1A1E00561FBF /* Extensions.swift in Sources */,
				2025F0F31D5B219C00561FBF /* MyRandom.swift in Sources */,
				2025F0FF1D5B21AC00561FBF /* MySKDetailedStatistic.swift in Sources */,
				2025F0FE1D5B21AC00561FBF /* MySKStatistic.swift in Sources */,
				2025F1321D5B26A200561FBF /* MySKPanel.swift in Sources */,
				2025F1091D5B226E00561FBF /* GameModel.swift in Sources */,
				2025F0F41D5B219C00561FBF /* MySKCard.swift in Sources */,
				2025F0F21D5B219C00561FBF /* MySKSlider.swift in Sources */,
				2040E4CC1DE74F3600B16B19 /* AutoPlayer.swift in Sources */,
				2025F1191D5B23BB00561FBF /* StatisticModel.swift in Sources */,
				2025F10A1D5B226E00561FBF /* PeerToPeerServiceManager.swift in Sources */,
				2025F0FB1D5B21AC00561FBF /* MyStructs.swift in Sources */,
				2025F11E1D5B23F600561FBF /* DrawImages.swift in Sources */,
				2025F1131D5B236E00561FBF /* ru.swift in Sources */,
				2087A2EB1DCA3D120085D711 /* ChooseLevelAndOptions.swift in Sources */,
				2025F1001D5B21AC00561FBF /* MySKGameStatistic.swift in Sources */,
				2025F0F11D5B219C00561FBF /* MySKLanguages.swift in Sources */,
				2035F57E1E1685C200AEBE31 /* CardManager.swift in Sources */,
				20404DEC1F8E329100492033 /* GameCenterSync.swift in Sources */,
				2025F1241D5B253900561FBF /* CardGameScene.swift in Sources */,
				2025F0FD1D5B21AC00561FBF /* MySKTable.swift in Sources */,
				2025F1061D5B226E00561FBF /* PlayerModel.swift in Sources */,
				2025F1221D5B246E00561FBF /* RecordIDModel.swift in Sources */,
				2025F10C1D5B231200561FBF /* LevelsForPlayWithCards.swift in Sources */,
				2025F1151D5B236E00561FBF /* en.swift in Sources */,
				2025F1081D5B226E00561FBF /* GamePredefinitions.swift in Sources */,
				2025F0FC1D5B21AC00561FBF /* MySKPlayer.swift in Sources */,
				2025F11A1D5B23BB00561FBF /* Stack.swift in Sources */,
				2025F0F01D5B219C00561FBF /* MySKButton.swift in Sources */,
				2025F1161D5B236E00561FBF /* hu.swift in Sources */,
				2046921D1F8CDF4000A105BD /* HighScoreModel.swift in Sources */,
				2025F0D51D5B1A1E00561FBF /* GameViewController.swift in Sources */,
				2025F1141D5B236E00561FBF /* de.swift in Sources */,
				2025F1121D5B236E00561FBF /* Language.swift in Sources */,
				2025F0BE1D5B18F300561FBF /* AppDelegate.swift in Sources */,
			);
			runOnlyForDeploymentPostprocessing = 0;
		};
		202ED8531DD9EF380003D923 /* Sources */ = {
			isa = PBXSourcesBuildPhase;
			buildActionMask = 2147483647;
			files = (
			);
			runOnlyForDeploymentPostprocessing = 0;
		};
/* End PBXSourcesBuildPhase section */

/* Begin PBXTargetDependency section */
		202ED85D1DD9EF380003D923 /* PBXTargetDependency */ = {
			isa = PBXTargetDependency;
			target = 2025F0B91D5B18F300561FBF /* FlowerCards */;
			targetProxy = 202ED85C1DD9EF380003D923 /* PBXContainerItemProxy */;
		};
/* End PBXTargetDependency section */

/* Begin PBXVariantGroup section */
		2025F0C51D5B18F300561FBF /* Main.storyboard */ = {
			isa = PBXVariantGroup;
			children = (
				2025F0C61D5B18F300561FBF /* Base */,
			);
			name = Main.storyboard;
			sourceTree = "<group>";
		};
		2025F0CA1D5B18F300561FBF /* LaunchScreen.storyboard */ = {
			isa = PBXVariantGroup;
			children = (
				2025F0CB1D5B18F300561FBF /* Base */,
			);
			name = LaunchScreen.storyboard;
			sourceTree = "<group>";
		};
/* End PBXVariantGroup section */

/* Begin XCBuildConfiguration section */
		2025F0CE1D5B18F300561FBF /* Debug */ = {
			isa = XCBuildConfiguration;
			buildSettings = {
				ALWAYS_SEARCH_USER_PATHS = NO;
				CLANG_ANALYZER_NONNULL = YES;
				CLANG_CXX_LANGUAGE_STANDARD = "gnu++0x";
				CLANG_CXX_LIBRARY = "libc++";
				CLANG_ENABLE_MODULES = YES;
				CLANG_ENABLE_OBJC_ARC = YES;
				CLANG_WARN_BLOCK_CAPTURE_AUTORELEASING = YES;
				CLANG_WARN_BOOL_CONVERSION = YES;
				CLANG_WARN_COMMA = YES;
				CLANG_WARN_CONSTANT_CONVERSION = YES;
				CLANG_WARN_DIRECT_OBJC_ISA_USAGE = YES_ERROR;
				CLANG_WARN_EMPTY_BODY = YES;
				CLANG_WARN_ENUM_CONVERSION = YES;
				CLANG_WARN_INFINITE_RECURSION = YES;
				CLANG_WARN_INT_CONVERSION = YES;
				CLANG_WARN_NON_LITERAL_NULL_CONVERSION = YES;
				CLANG_WARN_OBJC_LITERAL_CONVERSION = YES;
				CLANG_WARN_OBJC_ROOT_CLASS = YES_ERROR;
				CLANG_WARN_RANGE_LOOP_ANALYSIS = YES;
				CLANG_WARN_STRICT_PROTOTYPES = YES;
				CLANG_WARN_SUSPICIOUS_MOVE = YES;
				CLANG_WARN_UNREACHABLE_CODE = YES;
				CLANG_WARN__DUPLICATE_METHOD_MATCH = YES;
				"CODE_SIGN_IDENTITY[sdk=iphoneos*]" = "iPhone Developer";
				COPY_PHASE_STRIP = NO;
				DEBUG_INFORMATION_FORMAT = "dwarf-with-dsym";
				ENABLE_STRICT_OBJC_MSGSEND = YES;
				ENABLE_TESTABILITY = YES;
				GCC_C_LANGUAGE_STANDARD = gnu99;
				GCC_DYNAMIC_NO_PIC = NO;
				GCC_NO_COMMON_BLOCKS = YES;
				GCC_OPTIMIZATION_LEVEL = 0;
				GCC_PREPROCESSOR_DEFINITIONS = (
					"DEBUG=1",
					"$(inherited)",
				);
				GCC_WARN_64_TO_32_BIT_CONVERSION = YES;
				GCC_WARN_ABOUT_RETURN_TYPE = YES_ERROR;
				GCC_WARN_UNDECLARED_SELECTOR = YES;
				GCC_WARN_UNINITIALIZED_AUTOS = YES_AGGRESSIVE;
				GCC_WARN_UNUSED_FUNCTION = YES;
				GCC_WARN_UNUSED_VARIABLE = YES;
				IPHONEOS_DEPLOYMENT_TARGET = 9.3;
				MTL_ENABLE_DEBUG_INFO = YES;
				ONLY_ACTIVE_ARCH = YES;
				OTHER_SWIFT_FLAGS = "";
				SDKROOT = iphoneos;
				SWIFT_ACTIVE_COMPILATION_CONDITIONS = DEBUG;
				SWIFT_OPTIMIZATION_LEVEL = "-Onone";
				TARGETED_DEVICE_FAMILY = "1,2";
				"Texture Atlas Maximum Size" = 4096x4096;
				VALIDATE_PRODUCT = YES;
			};
			name = Debug;
		};
		2025F0CF1D5B18F300561FBF /* Release */ = {
			isa = XCBuildConfiguration;
			buildSettings = {
				ALWAYS_SEARCH_USER_PATHS = NO;
				CLANG_ANALYZER_NONNULL = YES;
				CLANG_CXX_LANGUAGE_STANDARD = "gnu++0x";
				CLANG_CXX_LIBRARY = "libc++";
				CLANG_ENABLE_MODULES = YES;
				CLANG_ENABLE_OBJC_ARC = YES;
				CLANG_WARN_BLOCK_CAPTURE_AUTORELEASING = YES;
				CLANG_WARN_BOOL_CONVERSION = YES;
				CLANG_WARN_COMMA = YES;
				CLANG_WARN_CONSTANT_CONVERSION = YES;
				CLANG_WARN_DIRECT_OBJC_ISA_USAGE = YES_ERROR;
				CLANG_WARN_EMPTY_BODY = YES;
				CLANG_WARN_ENUM_CONVERSION = YES;
				CLANG_WARN_INFINITE_RECURSION = YES;
				CLANG_WARN_INT_CONVERSION = YES;
				CLANG_WARN_NON_LITERAL_NULL_CONVERSION = YES;
				CLANG_WARN_OBJC_LITERAL_CONVERSION = YES;
				CLANG_WARN_OBJC_ROOT_CLASS = YES_ERROR;
				CLANG_WARN_RANGE_LOOP_ANALYSIS = YES;
				CLANG_WARN_STRICT_PROTOTYPES = YES;
				CLANG_WARN_SUSPICIOUS_MOVE = YES;
				CLANG_WARN_UNREACHABLE_CODE = YES;
				CLANG_WARN__DUPLICATE_METHOD_MATCH = YES;
				"CODE_SIGN_IDENTITY[sdk=iphoneos*]" = "iPhone Developer";
				COPY_PHASE_STRIP = NO;
				DEBUG_INFORMATION_FORMAT = "dwarf-with-dsym";
				ENABLE_NS_ASSERTIONS = NO;
				ENABLE_STRICT_OBJC_MSGSEND = YES;
				GCC_C_LANGUAGE_STANDARD = gnu99;
				GCC_NO_COMMON_BLOCKS = YES;
				GCC_WARN_64_TO_32_BIT_CONVERSION = YES;
				GCC_WARN_ABOUT_RETURN_TYPE = YES_ERROR;
				GCC_WARN_UNDECLARED_SELECTOR = YES;
				GCC_WARN_UNINITIALIZED_AUTOS = YES_AGGRESSIVE;
				GCC_WARN_UNUSED_FUNCTION = YES;
				GCC_WARN_UNUSED_VARIABLE = YES;
				IPHONEOS_DEPLOYMENT_TARGET = 9.3;
				MTL_ENABLE_DEBUG_INFO = NO;
				SDKROOT = iphoneos;
				SWIFT_ACTIVE_COMPILATION_CONDITIONS = DEBUG;
				SWIFT_OPTIMIZATION_LEVEL = "-Owholemodule";
				TARGETED_DEVICE_FAMILY = "1,2";
				"Texture Atlas Maximum Size" = 4096x4096;
				VALIDATE_PRODUCT = YES;
			};
			name = Release;
		};
		2025F0D11D5B18F300561FBF /* Debug */ = {
			isa = XCBuildConfiguration;
			baseConfigurationReference = A065615B6AD5E1D3F361DAA3 /* Pods-FlowerCards.debug.xcconfig */;
			buildSettings = {
				ASSETCATALOG_COMPILER_APPICON_NAME = AppIcon;
				CLANG_ADDRESS_SANITIZER_CONTAINER_OVERFLOW = NO;
				CODE_SIGN_IDENTITY = "iPhone Developer";
				"CODE_SIGN_IDENTITY[sdk=iphoneos*]" = "iPhone Developer";
				FRAMEWORK_SEARCH_PATHS = (
					"$(inherited)",
					"$(PROJECT_DIR)",
					"$(PROJECT_DIR)/Carthage/Build/iOS",
				);
				GCC_PREPROCESSOR_DEFINITIONS = (
					"$(inherited)",
					"COCOAPODS=1",
					"TEST=1",
				);
				INFOPLIST_FILE = FlowerCards/Info.plist;
				LD_RUNPATH_SEARCH_PATHS = "$(inherited) @executable_path/Frameworks";
				PRODUCT_BUNDLE_IDENTIFIER = JOGAX.FlowerCards;
				PRODUCT_NAME = "$(TARGET_NAME)";
				PROVISIONING_PROFILE = "";
				SWIFT_ACTIVE_COMPILATION_CONDITIONS = TEST1;
				SWIFT_VERSION = 4.0;
			};
			name = Debug;
		};
		2025F0D21D5B18F300561FBF /* Release */ = {
			isa = XCBuildConfiguration;
			baseConfigurationReference = 9F99F687559AAFCBCA68B0F5 /* Pods-FlowerCards.release.xcconfig */;
			buildSettings = {
				ASSETCATALOG_COMPILER_APPICON_NAME = AppIcon;
				CLANG_ADDRESS_SANITIZER_CONTAINER_OVERFLOW = NO;
				CODE_SIGN_IDENTITY = "iPhone Developer";
				"CODE_SIGN_IDENTITY[sdk=iphoneos*]" = "iPhone Developer";
				FRAMEWORK_SEARCH_PATHS = (
					"$(inherited)",
					"$(PROJECT_DIR)",
					"$(PROJECT_DIR)/Carthage/Build/iOS",
				);
				INFOPLIST_FILE = FlowerCards/Info.plist;
				LD_RUNPATH_SEARCH_PATHS = "$(inherited) @executable_path/Frameworks";
				PRODUCT_BUNDLE_IDENTIFIER = JOGAX.FlowerCards;
				PRODUCT_NAME = "$(TARGET_NAME)";
				PROVISIONING_PROFILE = "";
				SWIFT_ACTIVE_COMPILATION_CONDITIONS = "";
				SWIFT_VERSION = 4.0;
			};
			name = Release;
		};
		202ED85E1DD9EF380003D923 /* Debug */ = {
			isa = XCBuildConfiguration;
			buildSettings = {
				BUNDLE_LOADER = "$(TEST_HOST)";
				CLANG_WARN_DOCUMENTATION_COMMENTS = YES;
				CLANG_WARN_SUSPICIOUS_MOVES = YES;
				DEBUG_INFORMATION_FORMAT = dwarf;
				DEVELOPMENT_TEAM = WT499VC842;
				GCC_PREPROCESSOR_DEFINITIONS = (
					"DEBUG=1",
					"$(inherited)",
				);
				INFOPLIST_FILE = FlowerCardsTests/Info.plist;
				IPHONEOS_DEPLOYMENT_TARGET = 10.1;
				LD_RUNPATH_SEARCH_PATHS = "$(inherited) @executable_path/Frameworks @loader_path/Frameworks";
				PRODUCT_BUNDLE_IDENTIFIER = JOGAXPLAY.FlowerCardsTests;
				PRODUCT_NAME = "$(TARGET_NAME)";
				SWIFT_ACTIVE_COMPILATION_CONDITIONS = DEBUG;
				SWIFT_VERSION = 3.0;
				TEST_HOST = "$(BUILT_PRODUCTS_DIR)/FlowerCards.app/FlowerCards";
			};
			name = Debug;
		};
		202ED85F1DD9EF380003D923 /* Release */ = {
			isa = XCBuildConfiguration;
			buildSettings = {
				BUNDLE_LOADER = "$(TEST_HOST)";
				CLANG_WARN_DOCUMENTATION_COMMENTS = YES;
				CLANG_WARN_SUSPICIOUS_MOVES = YES;
				DEVELOPMENT_TEAM = WT499VC842;
				INFOPLIST_FILE = FlowerCardsTests/Info.plist;
				IPHONEOS_DEPLOYMENT_TARGET = 10.1;
				LD_RUNPATH_SEARCH_PATHS = "$(inherited) @executable_path/Frameworks @loader_path/Frameworks";
				PRODUCT_BUNDLE_IDENTIFIER = JOGAXPLAY.FlowerCardsTests;
				PRODUCT_NAME = "$(TARGET_NAME)";
				SWIFT_VERSION = 3.0;
				TEST_HOST = "$(BUILT_PRODUCTS_DIR)/FlowerCards.app/FlowerCards";
			};
			name = Release;
		};
/* End XCBuildConfiguration section */

/* Begin XCConfigurationList section */
		2025F0B51D5B18F300561FBF /* Build configuration list for PBXProject "FlowerCards" */ = {
			isa = XCConfigurationList;
			buildConfigurations = (
				2025F0CE1D5B18F300561FBF /* Debug */,
				2025F0CF1D5B18F300561FBF /* Release */,
			);
			defaultConfigurationIsVisible = 0;
			defaultConfigurationName = Release;
		};
		2025F0D01D5B18F300561FBF /* Build configuration list for PBXNativeTarget "FlowerCards" */ = {
			isa = XCConfigurationList;
			buildConfigurations = (
				2025F0D11D5B18F300561FBF /* Debug */,
				2025F0D21D5B18F300561FBF /* Release */,
			);
			defaultConfigurationIsVisible = 0;
			defaultConfigurationName = Release;
		};
		202ED8601DD9EF380003D923 /* Build configuration list for PBXNativeTarget "FlowerCardsTests" */ = {
			isa = XCConfigurationList;
			buildConfigurations = (
				202ED85E1DD9EF380003D923 /* Debug */,
				202ED85F1DD9EF380003D923 /* Release */,
			);
			defaultConfigurationIsVisible = 0;
			defaultConfigurationName = Release;
		};
/* End XCConfigurationList section */
	};
	rootObject = 2025F0B21D5B18F300561FBF /* Project object */;
}
